
Microsoft Visual Studio Solution File, Format Version 12.00
# Visual Studio Version 17
VisualStudioVersion = 17.1.32328.378
MinimumVisualStudioVersion = 10.0.40219.1
Project("{9A19103F-16F7-4668-BE54-9A1E7A4F7556}") = "Kanadeiar.Core", "Kanadeiar.Core\Kanadeiar.Core.csproj", "{A725DD2C-15AA-40DD-A20A-146486290FC6}"
EndProject
Project("{2150E333-8FDC-42A3-9474-1A3956D46DE8}") = "Tests", "Tests", "{E631E17D-5DC1-4BCA-BFDF-2B061A061F84}"
EndProject
Project("{9A19103F-16F7-4668-BE54-9A1E7A4F7556}") = "Kanadeiar.Core.Tests", "Tests\Kanadeiar.Core.Tests\Kanadeiar.Core.Tests.csproj", "{B63AB52C-0F44-4D3C-B719-8F0084356BB8}"
EndProject
Project("{2150E333-8FDC-42A3-9474-1A3956D46DE8}") = "Solution Items", "Solution Items", "{45E27C7B-C880-4AEB-833F-2234AFCE4C1F}"
	ProjectSection(SolutionItems) = preProject
		README.md = README.md
	EndProjectSection
EndProject
Project("{9A19103F-16F7-4668-BE54-9A1E7A4F7556}") = "Wpf", "Tests\Wpf\Wpf.csproj", "{75F85252-739E-4A1C-80D5-F249F6008F8A}"
EndProject
Project("{9A19103F-16F7-4668-BE54-9A1E7A4F7556}") = "Console", "Tests\Console\Console.csproj", "{A90A428F-D14A-4F2D-B915-75C9D0E1C70C}"
EndProject
Global
	GlobalSection(SolutionConfigurationPlatforms) = preSolution
		Debug|Any CPU = Debug|Any CPU
		Release|Any CPU = Release|Any CPU
	EndGlobalSection
	GlobalSection(ProjectConfigurationPlatforms) = postSolution
		{A725DD2C-15AA-40DD-A20A-146486290FC6}.Debug|Any CPU.ActiveCfg = Debug|Any CPU
		{A725DD2C-15AA-40DD-A20A-146486290FC6}.Debug|Any CPU.Build.0 = Debug|Any CPU
		{A725DD2C-15AA-40DD-A20A-146486290FC6}.Release|Any CPU.ActiveCfg = Release|Any CPU
		{A725DD2C-15AA-40DD-A20A-146486290FC6}.Release|Any CPU.Build.0 = Release|Any CPU
		{B63AB52C-0F44-4D3C-B719-8F0084356BB8}.Debug|Any CPU.ActiveCfg = Debug|Any CPU
		{B63AB52C-0F44-4D3C-B719-8F0084356BB8}.Debug|Any CPU.Build.0 = Debug|Any CPU
		{B63AB52C-0F44-4D3C-B719-8F0084356BB8}.Release|Any CPU.ActiveCfg = Release|Any CPU
		{B63AB52C-0F44-4D3C-B719-8F0084356BB8}.Release|Any CPU.Build.0 = Release|Any CPU
		{75F85252-739E-4A1C-80D5-F249F6008F8A}.Debug|Any CPU.ActiveCfg = Debug|Any CPU
		{75F85252-739E-4A1C-80D5-F249F6008F8A}.Debug|Any CPU.Build.0 = Debug|Any CPU
		{75F85252-739E-4A1C-80D5-F249F6008F8A}.Release|Any CPU.ActiveCfg = Release|Any CPU
		{75F85252-739E-4A1C-80D5-F249F6008F8A}.Release|Any CPU.Build.0 = Release|Any CPU
		{A90A428F-D14A-4F2D-B915-75C9D0E1C70C}.Debug|Any CPU.ActiveCfg = Debug|Any CPU
		{A90A428F-D14A-4F2D-B915-75C9D0E1C70C}.Debug|Any CPU.Build.0 = Debug|Any CPU
		{A90A428F-D14A-4F2D-B915-75C9D0E1C70C}.Release|Any CPU.ActiveCfg = Release|Any CPU
		{A90A428F-D14A-4F2D-B915-75C9D0E1C70C}.Release|Any CPU.Build.0 = Release|Any CPU
	EndGlobalSection
	GlobalSection(SolutionProperties) = preSolution
		HideSolutionNode = FALSE
	EndGlobalSection
	GlobalSection(NestedProjects) = preSolution
		{B63AB52C-0F44-4D3C-B719-8F0084356BB8} = {E631E17D-5DC1-4BCA-BFDF-2B061A061F84}
		{75F85252-739E-4A1C-80D5-F249F6008F8A} = {E631E17D-5DC1-4BCA-BFDF-2B061A061F84}
		{A90A428F-D14A-4F2D-B915-75C9D0E1C70C} = {E631E17D-5DC1-4BCA-BFDF-2B061A061F84}
	EndGlobalSection
	GlobalSection(ExtensibilityGlobals) = postSolution
		SolutionGuid = {38449330-09F5-4940-A543-70F14E90CB80}
	EndGlobalSection
EndGlobal
